
Microsoft Visual Studio Solution File, Format Version 12.00
# Visual Studio Version 16
VisualStudioVersion = 16.0.31410.357
MinimumVisualStudioVersion = 10.0.40219.1
Project("{FAE04EC0-301F-11D3-BF4B-00C04F79EFBC}") = "BloodBankManagementSystemm", "BloodBankManagementSystemm\BloodBankManagementSystemm.csproj", "{D5CF1CE8-55CC-4DA6-B9E2-1C9D38029AEE}"
EndProject
Global
	GlobalSection(SolutionConfigurationPlatforms) = preSolution
		Debug|Any CPU = Debug|Any CPU
		Release|Any CPU = Release|Any CPU
	EndGlobalSection
	GlobalSection(ProjectConfigurationPlatforms) = postSolution
		{D5CF1CE8-55CC-4DA6-B9E2-1C9D38029AEE}.Debug|Any CPU.ActiveCfg = Debug|Any CPU
		{D5CF1CE8-55CC-4DA6-B9E2-1C9D38029AEE}.Debug|Any CPU.Build.0 = Debug|Any CPU
		{D5CF1CE8-55CC-4DA6-B9E2-1C9D38029AEE}.Release|Any CPU.ActiveCfg = Release|Any CPU
		{D5CF1CE8-55CC-4DA6-B9E2-1C9D38029AEE}.Release|Any CPU.Build.0 = Release|Any CPU
	EndGlobalSection
	GlobalSection(SolutionProperties) = preSolution
		HideSolutionNode = FALSE
	EndGlobalSection
	GlobalSection(ExtensibilityGlobals) = postSolution
		SolutionGuid = {7456A713-20CC-49ED-841E-A72F381ADBC9}
	EndGlobalSection
EndGlobal
